Microsoft Visual Studio Solution File, Format Version 12.00
# Visual Studio Version 17
VisualStudioVersion = 17.0.31903.59
MinimumVisualStudioVersion = 10.0.40219.1
Project("{FAE04EC0-301F-11D3-BF4B-00C04F79EFBC}") = "Backend", "src\Backend\Backend.csproj", "{GUID-BACKEND-PROJECT}"
EndProject
Project("{FAE04EC0-301F-11D3-BF4B-00C04F79EFBC}") = "Frontend", "src\Frontend\BlazorApp.csproj", "{GUID-FRONTEND-PROJECT}"
EndProject
Global
	GlobalSection(SolutionConfigurationPlatforms) = preSolution
		Debug|Any CPU = Debug|Any CPU
		Release|Any CPU = Release|Any CPU
	EndGlobalSection
	GlobalSection(ProjectConfigurationPlatforms) = postSolution
		{GUID-BACKEND-PROJECT}.Debug|Any CPU.ActiveCfg = Debug|Any CPU
		{GUID-BACKEND-PROJECT}.Debug|Any CPU.Build.0 = Debug|Any CPU
		{GUID-BACKEND-PROJECT}.Release|Any CPU.ActiveCfg = Release|Any CPU
		{GUID-BACKEND-PROJECT}.Release|Any CPU.Build.0 = Release|Any CPU
		{GUID-FRONTEND-PROJECT}.Debug|Any CPU.ActiveCfg = Debug|Any CPU
		{GUID-FRONTEND-PROJECT}.Debug|Any CPU.Build.0 = Debug|Any CPU
		{GUID-FRONTEND-PROJECT}.Release|Any CPU.ActiveCfg = Release|Any CPU
		{GUID-FRONTEND-PROJECT}.Release|Any CPU.Build.0 = Release|Any CPU
	EndGlobalSection
	GlobalSection(SolutionProperties) = preSolution
		HideSolutionNode = FALSE
	EndGlobalSection
EndGlobal
